Microsoft Visual Studio Solution File, Format Version 12.00
# Visual Studio Version 17
VisualStudioVersion = 17.5.2.0
MinimumVisualStudioVersion = 10.0.40219.1
Project("{2150E333-8FDC-42A3-9474-1A3956D46DE8}") = "14-prebuild-models", "14-prebuild-models", "{E7ECE0AC-8557-926D-0714-D224289849A9}"
EndProject
Project("{2150E333-8FDC-42A3-9474-1A3956D46DE8}") = "15-custom-document-intelligence", "15-custom-document-intelligence", "{6F39619C-F3A0-7390-3786-5C1C7B43206E}"
EndProject
Project("{2150E333-8FDC-42A3-9474-1A3956D46DE8}") = "01-getting-started", "01-getting-started", "{8E01ABF0-BAA2-128D-1CBC-1AA0E54E3DAE}"
EndProject
Project("{2150E333-8FDC-42A3-9474-1A3956D46DE8}") = "02-analyze-text", "02-analyze-text", "{375A8F4B-9B2C-7CD8-07B5-8EDBEBE6C05E}"
EndProject
Project("{2150E333-8FDC-42A3-9474-1A3956D46DE8}") = "03-translate-text", "03-translate-text", "{C22404EF-247C-9AAB-A36A-AA4C2B631170}"
EndProject
Project("{2150E333-8FDC-42A3-9474-1A3956D46DE8}") = "04-text-classification", "04-text-classification", "{DA462D45-3B5D-614E-7CC4-2743830760E0}"
EndProject
Project("{2150E333-8FDC-42A3-9474-1A3956D46DE8}") = "05-custom-entity-recognition", "05-custom-entity-recognition", "{994816FA-5E3C-6CAE-591E-A3892FC8399B}"
EndProject
Project("{2150E333-8FDC-42A3-9474-1A3956D46DE8}") = "06-speech", "06-speech", "{1E1860A5-C9E0-236F-7EB5-478047AFD5F1}"
EndProject
Project("{2150E333-8FDC-42A3-9474-1A3956D46DE8}") = "07-speech-translation", "07-speech-translation", "{4339955A-A002-628C-909F-FB3D26E187C7}"
EndProject
Project("{2150E333-8FDC-42A3-9474-1A3956D46DE8}") = "08-analyze-images", "08-analyze-images", "{404FC356-6B82-922F-CA66-908CA4819689}"
EndProject
Project("{2150E333-8FDC-42A3-9474-1A3956D46DE8}") = "09-ocr", "09-ocr", "{92B5490A-AD14-5CD9-E0D1-80B8497BF564}"
EndProject
Project("{2150E333-8FDC-42A3-9474-1A3956D46DE8}") = "10-face", "10-face", "{8C1890C9-DD35-D411-BE31-42209E7A3313}"
EndProject
Project("{2150E333-8FDC-42A3-9474-1A3956D46DE8}") = "11-image-classification", "11-image-classification", "{BA7AC969-ECC8-76F2-E1D1-14A061B84CD3}"
EndProject
Project("{2150E333-8FDC-42A3-9474-1A3956D46DE8}") = "12-object-detection", "12-object-detection", "{BA4A7DF6-DEF6-9079-7776-2E6726A3821F}"
EndProject
Project("{2150E333-8FDC-42A3-9474-1A3956D46DE8}") = "17-azure-search", "17-azure-search", "{B1B330CD-C694-BA4A-3253-AC088D075FE6}"
EndProject
Project("{FAE04EC0-301F-11D3-BF4B-00C04F79EFBC}") = "invoicereader", "14-prebuild-models\CSharp\invoicereader.csproj", "{E7913A5D-0FD2-894F-41A6-7AA6FCFC6ED6}"
EndProject
Project("{FAE04EC0-301F-11D3-BF4B-00C04F79EFBC}") = "test-model", "15-custom-document-intelligence\C-Sharp\test-model.csproj", "{911EB715-EBEA-BB1E-08E7-32D0C8A66C66}"
EndProject
Project("{2150E333-8FDC-42A3-9474-1A3956D46DE8}") = "C-Sharp", "C-Sharp", "{3E9F1588-EF59-7EAE-D4DE-1A3187817BB9}"
EndProject
Project("{FAE04EC0-301F-11D3-BF4B-00C04F79EFBC}") = "rest_client", "01-getting-started\C-Sharp\rest-client\rest_client.csproj", "{82FACAE9-ED29-CF8C-CB78-7FBEF5B69A14}"
EndProject
Project("{FAE04EC0-301F-11D3-BF4B-00C04F79EFBC}") = "sdk-client", "01-getting-started\C-Sharp\sdk-client\sdk-client.csproj", "{DCE91F64-2A61-BAF5-C7E1-25E12682CE9A}"
EndProject
Project("{2150E333-8FDC-42A3-9474-1A3956D46DE8}") = "C-Sharp (deprecated)", "C-Sharp (deprecated)", "{E2C884C7-E7B5-EF31-1903-29163F692F84}"
EndProject
Project("{FAE04EC0-301F-11D3-BF4B-00C04F79EFBC}") = "text-analysis", "02-analyze-text\C-Sharp (deprecated)\text-analysis\text-analysis.csproj", "{C9F553A5-3E42-9667-2C30-E1C24FFBB6B1}"
EndProject
Project("{2150E333-8FDC-42A3-9474-1A3956D46DE8}") = "C-Sharp", "C-Sharp", "{486444A0-86B3-C7FC-A8BD-C3EB2AE979D7}"
EndProject
Project("{FAE04EC0-301F-11D3-BF4B-00C04F79EFBC}") = "translate_text", "03-translate-text\C-Sharp\text-translation\translate_text.csproj", "{CEB73C55-96EF-FE08-1B2C-A0D5798FC38A}"
EndProject
Project("{2150E333-8FDC-42A3-9474-1A3956D46DE8}") = "C-Sharp (deprecated)", "C-Sharp (deprecated)", "{1B9A2736-3D10-B464-B9C0-CADE8535D1A8}"
EndProject
Project("{FAE04EC0-301F-11D3-BF4B-00C04F79EFBC}") = "classify-text", "04-text-classification\C-Sharp (deprecated)\classify-text\classify-text.csproj", "{B5450855-7C8D-11BC-9A1E-F9FFCDC63A8E}"
EndProject
Project("{2150E333-8FDC-42A3-9474-1A3956D46DE8}") = "C-Sharp (deprecated)", "C-Sharp (deprecated)", "{66006DA8-2EF3-EE5A-22F1-F6C1687AA629}"
EndProject
Project("{FAE04EC0-301F-11D3-BF4B-00C04F79EFBC}") = "custom-entities", "05-custom-entity-recognition\C-Sharp (deprecated)\custom-entities\custom-entities.csproj", "{D9E999CF-8FBE-2233-0172-02A51FB8F717}"
EndProject
Project("{2150E333-8FDC-42A3-9474-1A3956D46DE8}") = "C-Sharp (deprecated)", "C-Sharp (deprecated)", "{71127490-7C64-6B54-6215-F278E7071185}"
EndProject
Project("{FAE04EC0-301F-11D3-BF4B-00C04F79EFBC}") = "speaking-clock", "06-speech\C-Sharp (deprecated)\speaking-clock\speaking-clock.csproj", "{F48745E9-7D0E-1036-C0F1-0DB224603C48}"
EndProject
Project("{2150E333-8FDC-42A3-9474-1A3956D46DE8}") = "C-Sharp (deprecated)", "C-Sharp (deprecated)", "{DD5FBC6B-5BA9-B2DA-0AD2-14993287EB2A}"
EndProject
Project("{FAE04EC0-301F-11D3-BF4B-00C04F79EFBC}") = "translator", "07-speech-translation\C-Sharp (deprecated)\translator\translator.csproj", "{4E3C06D2-0D59-DD43-CA53-A474E72718D5}"
EndProject
Project("{2150E333-8FDC-42A3-9474-1A3956D46DE8}") = "c-sharp", "c-sharp", "{B114EB99-DD1E-4E6D-2796-F7965CE1FFD6}"
EndProject
Project("{FAE04EC0-301F-11D3-BF4B-00C04F79EFBC}") = "image-analysis", "08-analyze-images\c-sharp\image-analysis\image-analysis.csproj", "{0E2CC0E9-FADB-B067-E7B8-02211F40DF44}"
EndProject
Project("{2150E333-8FDC-42A3-9474-1A3956D46DE8}") = "c-sharp", "c-sharp", "{7E2151D6-583B-C05C-CDFC-1304897A617D}"
EndProject
Project("{FAE04EC0-301F-11D3-BF4B-00C04F79EFBC}") = "read-text", "09-ocr\c-sharp\read-text\read-text.csproj", "{2607DC02-B7E2-83FF-9A35-BDA8E076DD45}"
EndProject
Project("{2150E333-8FDC-42A3-9474-1A3956D46DE8}") = "c-sharp", "c-sharp", "{D6240E66-646F-8F00-D17A-B67EECA87D33}"
EndProject
Project("{FAE04EC0-301F-11D3-BF4B-00C04F79EFBC}") = "analyze-faces", "10-face\c-sharp\face-api\analyze-faces.csproj", "{173BFD96-E03A-42E4-5DE0-17EC3EE2E752}"
EndProject
Project("{2150E333-8FDC-42A3-9474-1A3956D46DE8}") = "c-sharp", "c-sharp", "{DEF55EA4-D446-108B-6802-0965B90F7BCF}"
EndProject
Project("{FAE04EC0-301F-11D3-BF4B-00C04F79EFBC}") = "test-classifier", "11-image-classification\c-sharp\test-classifier\test-classifier.csproj", "{B2228A4D-56FE-0B2A-B6E0-71DF1147109F}"
EndProject
Project("{FAE04EC0-301F-11D3-BF4B-00C04F79EFBC}") = "train-classifier", "11-image-classification\c-sharp\train-classifier\train-classifier.csproj", "{35275A3F-B781-A17E-CE79-EDD8D088CD1E}"
EndProject
Project("{2150E333-8FDC-42A3-9474-1A3956D46DE8}") = "c-sharp", "c-sharp", "{3086CDD0-3A5E-2B94-C5DF-86B464E72F21}"
EndProject
Project("{FAE04EC0-301F-11D3-BF4B-00C04F79EFBC}") = "test-detector", "12-object-detection\c-sharp\test-detector\test-detector.csproj", "{561290C0-FC73-E7FC-E719-858EE0C0D66F}"
EndProject
Project("{FAE04EC0-301F-11D3-BF4B-00C04F79EFBC}") = "train-detector", "12-object-detection\c-sharp\train-detector\train-detector.csproj", "{4E0C75EF-6754-C0EA-B6C8-986094F05496}"
EndProject
Project("{2150E333-8FDC-42A3-9474-1A3956D46DE8}") = "C-Sharp", "C-Sharp", "{936843AA-B75D-B457-2F7B-7D49577A62B4}"
EndProject
Project("{FAE04EC0-301F-11D3-BF4B-00C04F79EFBC}") = "search-client", "17-azure-search\C-Sharp\margies-travel\search-client.csproj", "{EB46D1F7-06C2-B550-EE26-AF4ECB941BA6}"
EndProject
Global
	GlobalSection(SolutionConfigurationPlatforms) = preSolution
		Debug|Any CPU = Debug|Any CPU
		Release|Any CPU = Release|Any CPU
	EndGlobalSection
	GlobalSection(ProjectConfigurationPlatforms) = postSolution
		{E7913A5D-0FD2-894F-41A6-7AA6FCFC6ED6}.Debug|Any CPU.ActiveCfg = Debug|Any CPU
		{E7913A5D-0FD2-894F-41A6-7AA6FCFC6ED6}.Debug|Any CPU.Build.0 = Debug|Any CPU
		{E7913A5D-0FD2-894F-41A6-7AA6FCFC6ED6}.Release|Any CPU.ActiveCfg = Release|Any CPU
		{E7913A5D-0FD2-894F-41A6-7AA6FCFC6ED6}.Release|Any CPU.Build.0 = Release|Any CPU
		{911EB715-EBEA-BB1E-08E7-32D0C8A66C66}.Debug|Any CPU.ActiveCfg = Debug|Any CPU
		{911EB715-EBEA-BB1E-08E7-32D0C8A66C66}.Debug|Any CPU.Build.0 = Debug|Any CPU
		{911EB715-EBEA-BB1E-08E7-32D0C8A66C66}.Release|Any CPU.ActiveCfg = Release|Any CPU
		{911EB715-EBEA-BB1E-08E7-32D0C8A66C66}.Release|Any CPU.Build.0 = Release|Any CPU
		{82FACAE9-ED29-CF8C-CB78-7FBEF5B69A14}.Debug|Any CPU.ActiveCfg = Debug|Any CPU
		{82FACAE9-ED29-CF8C-CB78-7FBEF5B69A14}.Debug|Any CPU.Build.0 = Debug|Any CPU
		{82FACAE9-ED29-CF8C-CB78-7FBEF5B69A14}.Release|Any CPU.ActiveCfg = Release|Any CPU
		{82FACAE9-ED29-CF8C-CB78-7FBEF5B69A14}.Release|Any CPU.Build.0 = Release|Any CPU
		{DCE91F64-2A61-BAF5-C7E1-25E12682CE9A}.Debug|Any CPU.ActiveCfg = Debug|Any CPU
		{DCE91F64-2A61-BAF5-C7E1-25E12682CE9A}.Debug|Any CPU.Build.0 = Debug|Any CPU
		{DCE91F64-2A61-BAF5-C7E1-25E12682CE9A}.Release|Any CPU.ActiveCfg = Release|Any CPU
		{DCE91F64-2A61-BAF5-C7E1-25E12682CE9A}.Release|Any CPU.Build.0 = Release|Any CPU
		{C9F553A5-3E42-9667-2C30-E1C24FFBB6B1}.Debug|Any CPU.ActiveCfg = Debug|Any CPU
		{C9F553A5-3E42-9667-2C30-E1C24FFBB6B1}.Debug|Any CPU.Build.0 = Debug|Any CPU
		{C9F553A5-3E42-9667-2C30-E1C24FFBB6B1}.Release|Any CPU.ActiveCfg = Release|Any CPU
		{C9F553A5-3E42-9667-2C30-E1C24FFBB6B1}.Release|Any CPU.Build.0 = Release|Any CPU
		{CEB73C55-96EF-FE08-1B2C-A0D5798FC38A}.Debug|Any CPU.ActiveCfg = Debug|Any CPU
		{CEB73C55-96EF-FE08-1B2C-A0D5798FC38A}.Debug|Any CPU.Build.0 = Debug|Any CPU
		{CEB73C55-96EF-FE08-1B2C-A0D5798FC38A}.Release|Any CPU.ActiveCfg = Release|Any CPU
		{CEB73C55-96EF-FE08-1B2C-A0D5798FC38A}.Release|Any CPU.Build.0 = Release|Any CPU
		{B5450855-7C8D-11BC-9A1E-F9FFCDC63A8E}.Debug|Any CPU.ActiveCfg = Debug|Any CPU
		{B5450855-7C8D-11BC-9A1E-F9FFCDC63A8E}.Debug|Any CPU.Build.0 = Debug|Any CPU
		{B5450855-7C8D-11BC-9A1E-F9FFCDC63A8E}.Release|Any CPU.ActiveCfg = Release|Any CPU
		{B5450855-7C8D-11BC-9A1E-F9FFCDC63A8E}.Release|Any CPU.Build.0 = Release|Any CPU
		{D9E999CF-8FBE-2233-0172-02A51FB8F717}.Debug|Any CPU.ActiveCfg = Debug|Any CPU
		{D9E999CF-8FBE-2233-0172-02A51FB8F717}.Debug|Any CPU.Build.0 = Debug|Any CPU
		{D9E999CF-8FBE-2233-0172-02A51FB8F717}.Release|Any CPU.ActiveCfg = Release|Any CPU
		{D9E999CF-8FBE-2233-0172-02A51FB8F717}.Release|Any CPU.Build.0 = Release|Any CPU
		{F48745E9-7D0E-1036-C0F1-0DB224603C48}.Debug|Any CPU.ActiveCfg = Debug|Any CPU
		{F48745E9-7D0E-1036-C0F1-0DB224603C48}.Debug|Any CPU.Build.0 = Debug|Any CPU
		{F48745E9-7D0E-1036-C0F1-0DB224603C48}.Release|Any CPU.ActiveCfg = Release|Any CPU
		{F48745E9-7D0E-1036-C0F1-0DB224603C48}.Release|Any CPU.Build.0 = Release|Any CPU
		{4E3C06D2-0D59-DD43-CA53-A474E72718D5}.Debug|Any CPU.ActiveCfg = Debug|Any CPU
		{4E3C06D2-0D59-DD43-CA53-A474E72718D5}.Debug|Any CPU.Build.0 = Debug|Any CPU
		{4E3C06D2-0D59-DD43-CA53-A474E72718D5}.Release|Any CPU.ActiveCfg = Release|Any CPU
		{4E3C06D2-0D59-DD43-CA53-A474E72718D5}.Release|Any CPU.Build.0 = Release|Any CPU
		{0E2CC0E9-FADB-B067-E7B8-02211F40DF44}.Debug|Any CPU.ActiveCfg = Debug|Any CPU
		{0E2CC0E9-FADB-B067-E7B8-02211F40DF44}.Debug|Any CPU.Build.0 = Debug|Any CPU
		{0E2CC0E9-FADB-B067-E7B8-02211F40DF44}.Release|Any CPU.ActiveCfg = Release|Any CPU
		{0E2CC0E9-FADB-B067-E7B8-02211F40DF44}.Release|Any CPU.Build.0 = Release|Any CPU
		{2607DC02-B7E2-83FF-9A35-BDA8E076DD45}.Debug|Any CPU.ActiveCfg = Debug|Any CPU
		{2607DC02-B7E2-83FF-9A35-BDA8E076DD45}.Debug|Any CPU.Build.0 = Debug|Any CPU
		{2607DC02-B7E2-83FF-9A35-BDA8E076DD45}.Release|Any CPU.ActiveCfg = Release|Any CPU
		{2607DC02-B7E2-83FF-9A35-BDA8E076DD45}.Release|Any CPU.Build.0 = Release|Any CPU
		{173BFD96-E03A-42E4-5DE0-17EC3EE2E752}.Debug|Any CPU.ActiveCfg = Debug|Any CPU
		{173BFD96-E03A-42E4-5DE0-17EC3EE2E752}.Debug|Any CPU.Build.0 = Debug|Any CPU
		{173BFD96-E03A-42E4-5DE0-17EC3EE2E752}.Release|Any CPU.ActiveCfg = Release|Any CPU
		{173BFD96-E03A-42E4-5DE0-17EC3EE2E752}.Release|Any CPU.Build.0 = Release|Any CPU
		{B2228A4D-56FE-0B2A-B6E0-71DF1147109F}.Debug|Any CPU.ActiveCfg = Debug|Any CPU
		{B2228A4D-56FE-0B2A-B6E0-71DF1147109F}.Debug|Any CPU.Build.0 = Debug|Any CPU
		{B2228A4D-56FE-0B2A-B6E0-71DF1147109F}.Release|Any CPU.ActiveCfg = Release|Any CPU
		{B2228A4D-56FE-0B2A-B6E0-71DF1147109F}.Release|Any CPU.Build.0 = Release|Any CPU
		{35275A3F-B781-A17E-CE79-EDD8D088CD1E}.Debug|Any CPU.ActiveCfg = Debug|Any CPU
		{35275A3F-B781-A17E-CE79-EDD8D088CD1E}.Debug|Any CPU.Build.0 = Debug|Any CPU
		{35275A3F-B781-A17E-CE79-EDD8D088CD1E}.Release|Any CPU.ActiveCfg = Release|Any CPU
		{35275A3F-B781-A17E-CE79-EDD8D088CD1E}.Release|Any CPU.Build.0 = Release|Any CPU
		{561290C0-FC73-E7FC-E719-858EE0C0D66F}.Debug|Any CPU.ActiveCfg = Debug|Any CPU
		{561290C0-FC73-E7FC-E719-858EE0C0D66F}.Debug|Any CPU.Build.0 = Debug|Any CPU
		{561290C0-FC73-E7FC-E719-858EE0C0D66F}.Release|Any CPU.ActiveCfg = Release|Any CPU
		{561290C0-FC73-E7FC-E719-858EE0C0D66F}.Release|Any CPU.Build.0 = Release|Any CPU
		{4E0C75EF-6754-C0EA-B6C8-986094F05496}.Debug|Any CPU.ActiveCfg = Debug|Any CPU
		{4E0C75EF-6754-C0EA-B6C8-986094F05496}.Debug|Any CPU.Build.0 = Debug|Any CPU
		{4E0C75EF-6754-C0EA-B6C8-986094F05496}.Release|Any CPU.ActiveCfg = Release|Any CPU
		{4E0C75EF-6754-C0EA-B6C8-986094F05496}.Release|Any CPU.Build.0 = Release|Any CPU
		{EB46D1F7-06C2-B550-EE26-AF4ECB941BA6}.Debug|Any CPU.ActiveCfg = Debug|Any CPU
		{EB46D1F7-06C2-B550-EE26-AF4ECB941BA6}.Debug|Any CPU.Build.0 = Debug|Any CPU
		{EB46D1F7-06C2-B550-EE26-AF4ECB941BA6}.Release|Any CPU.ActiveCfg = Release|Any CPU
		{EB46D1F7-06C2-B550-EE26-AF4ECB941BA6}.Release|Any CPU.Build.0 = Release|Any CPU
	EndGlobalSection
	GlobalSection(SolutionProperties) = preSolution
		HideSolutionNode = FALSE
	EndGlobalSection
	GlobalSection(NestedProjects) = preSolution
		{E7913A5D-0FD2-894F-41A6-7AA6FCFC6ED6} = {E7ECE0AC-8557-926D-0714-D224289849A9}
		{911EB715-EBEA-BB1E-08E7-32D0C8A66C66} = {6F39619C-F3A0-7390-3786-5C1C7B43206E}
		{3E9F1588-EF59-7EAE-D4DE-1A3187817BB9} = {8E01ABF0-BAA2-128D-1CBC-1AA0E54E3DAE}
		{82FACAE9-ED29-CF8C-CB78-7FBEF5B69A14} = {3E9F1588-EF59-7EAE-D4DE-1A3187817BB9}
		{DCE91F64-2A61-BAF5-C7E1-25E12682CE9A} = {3E9F1588-EF59-7EAE-D4DE-1A3187817BB9}
		{E2C884C7-E7B5-EF31-1903-29163F692F84} = {375A8F4B-9B2C-7CD8-07B5-8EDBEBE6C05E}
		{C9F553A5-3E42-9667-2C30-E1C24FFBB6B1} = {E2C884C7-E7B5-EF31-1903-29163F692F84}
		{486444A0-86B3-C7FC-A8BD-C3EB2AE979D7} = {C22404EF-247C-9AAB-A36A-AA4C2B631170}
		{CEB73C55-96EF-FE08-1B2C-A0D5798FC38A} = {486444A0-86B3-C7FC-A8BD-C3EB2AE979D7}
		{1B9A2736-3D10-B464-B9C0-CADE8535D1A8} = {DA462D45-3B5D-614E-7CC4-2743830760E0}
		{B5450855-7C8D-11BC-9A1E-F9FFCDC63A8E} = {1B9A2736-3D10-B464-B9C0-CADE8535D1A8}
		{66006DA8-2EF3-EE5A-22F1-F6C1687AA629} = {994816FA-5E3C-6CAE-591E-A3892FC8399B}
		{D9E999CF-8FBE-2233-0172-02A51FB8F717} = {66006DA8-2EF3-EE5A-22F1-F6C1687AA629}
		{71127490-7C64-6B54-6215-F278E7071185} = {1E1860A5-C9E0-236F-7EB5-478047AFD5F1}
		{F48745E9-7D0E-1036-C0F1-0DB224603C48} = {71127490-7C64-6B54-6215-F278E7071185}
		{DD5FBC6B-5BA9-B2DA-0AD2-14993287EB2A} = {4339955A-A002-628C-909F-FB3D26E187C7}
		{4E3C06D2-0D59-DD43-CA53-A474E72718D5} = {DD5FBC6B-5BA9-B2DA-0AD2-14993287EB2A}
		{B114EB99-DD1E-4E6D-2796-F7965CE1FFD6} = {404FC356-6B82-922F-CA66-908CA4819689}
		{0E2CC0E9-FADB-B067-E7B8-02211F40DF44} = {B114EB99-DD1E-4E6D-2796-F7965CE1FFD6}
		{7E2151D6-583B-C05C-CDFC-1304897A617D} = {92B5490A-AD14-5CD9-E0D1-80B8497BF564}
		{2607DC02-B7E2-83FF-9A35-BDA8E076DD45} = {7E2151D6-583B-C05C-CDFC-1304897A617D}
		{D6240E66-646F-8F00-D17A-B67EECA87D33} = {8C1890C9-DD35-D411-BE31-42209E7A3313}
		{173BFD96-E03A-42E4-5DE0-17EC3EE2E752} = {D6240E66-646F-8F00-D17A-B67EECA87D33}
		{DEF55EA4-D446-108B-6802-0965B90F7BCF} = {BA7AC969-ECC8-76F2-E1D1-14A061B84CD3}
		{B2228A4D-56FE-0B2A-B6E0-71DF1147109F} = {DEF55EA4-D446-108B-6802-0965B90F7BCF}
		{35275A3F-B781-A17E-CE79-EDD8D088CD1E} = {DEF55EA4-D446-108B-6802-0965B90F7BCF}
		{3086CDD0-3A5E-2B94-C5DF-86B464E72F21} = {BA4A7DF6-DEF6-9079-7776-2E6726A3821F}
		{561290C0-FC73-E7FC-E719-858EE0C0D66F} = {3086CDD0-3A5E-2B94-C5DF-86B464E72F21}
		{4E0C75EF-6754-C0EA-B6C8-986094F05496} = {3086CDD0-3A5E-2B94-C5DF-86B464E72F21}
		{936843AA-B75D-B457-2F7B-7D49577A62B4} = {B1B330CD-C694-BA4A-3253-AC088D075FE6}
		{EB46D1F7-06C2-B550-EE26-AF4ECB941BA6} = {936843AA-B75D-B457-2F7B-7D49577A62B4}
	EndGlobalSection
	GlobalSection(ExtensibilityGlobals) = postSolution
		SolutionGuid = {87AFFA17-027D-4123-9A18-ADFA3FC02096}
	EndGlobalSection
EndGlobal
